// !$*UTF8*$!
{
	archiveVersion = 1;
	classes = {
	};
	objectVersion = 46;
	objects = {

/* Begin PBXBuildFile section */
		645FD2B21C9D44EE005B769D /* MemesTableViewController.swift in Sources */ = {isa = PBXBuildFile; fileRef = 645FD2B11C9D44EE005B769D /* MemesTableViewController.swift */; };
		645FD2B41C9D457A005B769D /* MemeTableViewCell.swift in Sources */ = {isa = PBXBuildFile; fileRef = 645FD2B31C9D457A005B769D /* MemeTableViewCell.swift */; };
		6465C6371C9BE656007DDE51 /* Meme.swift in Sources */ = {isa = PBXBuildFile; fileRef = 6465C6361C9BE656007DDE51 /* Meme.swift */; };
		6465C6391C9C4BD9007DDE51 /* MemesCollectionViewController.swift in Sources */ = {isa = PBXBuildFile; fileRef = 6465C6381C9C4BD9007DDE51 /* MemesCollectionViewController.swift */; };
		6465C63B1C9C4E54007DDE51 /* MemeCollectionViewCell.swift in Sources */ = {isa = PBXBuildFile; fileRef = 6465C63A1C9C4E54007DDE51 /* MemeCollectionViewCell.swift */; };
		6465C63D1C9C50CA007DDE51 /* DetailViewController.swift in Sources */ = {isa = PBXBuildFile; fileRef = 6465C63C1C9C50CA007DDE51 /* DetailViewController.swift */; };
		647566401C9AF59700C81EA8 /* AppDelegate.swift in Sources */ = {isa = PBXBuildFile; fileRef = 6475663F1C9AF59700C81EA8 /* AppDelegate.swift */; };
		647566421C9AF59700C81EA8 /* MemeEditorViewController.swift in Sources */ = {isa = PBXBuildFile; fileRef = 647566411C9AF59700C81EA8 /* MemeEditorViewController.swift */; };
		647566451C9AF59700C81EA8 /* Main.storyboard in Resources */ = {isa = PBXBuildFile; fileRef = 647566431C9AF59700C81EA8 /* Main.storyboard */; };
		647566471C9AF59700C81EA8 /* Assets.xcassets in Resources */ = {isa = PBXBuildFile; fileRef = 647566461C9AF59700C81EA8 /* Assets.xcassets */; };
		6475664A1C9AF59700C81EA8 /* LaunchScreen.storyboard in Resources */ = {isa = PBXBuildFile; fileRef = 647566481C9AF59700C81EA8 /* LaunchScreen.storyboard */; };
/* End PBXBuildFile section */

/* Begin PBXFileReference section */
		645FD2B11C9D44EE005B769D /* MemesTableViewController.swift */ = {isa = PBXFileReference; fileEncoding = 4; lastKnownFileType = sourcecode.swift; path = MemesTableViewController.swift; sourceTree = "<group>"; };
		645FD2B31C9D457A005B769D /* MemeTableViewCell.swift */ = {isa = PBXFileReference; fileEncoding = 4; lastKnownFileType = sourcecode.swift; path = MemeTableViewCell.swift; sourceTree = "<group>"; };
		6465C6361C9BE656007DDE51 /* Meme.swift */ = {isa = PBXFileReference; fileEncoding = 4; lastKnownFileType = sourcecode.swift; path = Meme.swift; sourceTree = "<group>"; };
		6465C6381C9C4BD9007DDE51 /* MemesCollectionViewController.swift */ = {isa = PBXFileReference; fileEncoding = 4; lastKnownFileType = sourcecode.swift; path = MemesCollectionViewController.swift; sourceTree = "<group>"; };
		6465C63A1C9C4E54007DDE51 /* MemeCollectionViewCell.swift */ = {isa = PBXFileReference; fileEncoding = 4; lastKnownFileType = sourcecode.swift; path = MemeCollectionViewCell.swift; sourceTree = "<group>"; };
		6465C63C1C9C50CA007DDE51 /* DetailViewController.swift */ = {isa = PBXFileReference; fileEncoding = 4; lastKnownFileType = sourcecode.swift; path = DetailViewController.swift; sourceTree = "<group>"; };
		6475663C1C9AF59700C81EA8 /* FunnyMeme-Ap.app */ = {isa = PBXFileReference; explicitFileType = wrapper.application; includeInIndex = 0; path = "FunnyMeme-Ap.app"; sourceTree = BUILT_PRODUCTS_DIR; };
		6475663F1C9AF59700C81EA8 /* AppDelegate.swift */ = {isa = PBXFileReference; lastKnownFileType = sourcecode.swift; path = AppDelegate.swift; sourceTree = "<group>"; };
		647566411C9AF59700C81EA8 /* MemeEditorViewController.swift */ = {isa = PBXFileReference; lastKnownFileType = sourcecode.swift; path = MemeEditorViewController.swift; sourceTree = "<group>"; };
		647566441C9AF59700C81EA8 /* Base */ = {isa = PBXFileReference; lastKnownFileType = file.storyboard; name = Base; path = Base.lproj/Main.storyboard; sourceTree = "<group>"; };
		647566461C9AF59700C81EA8 /* Assets.xcassets */ = {isa = PBXFileReference; lastKnownFileType = folder.assetcatalog; path = Assets.xcassets; sourceTree = "<group>"; };
		647566491C9AF59700C81EA8 /* Base */ = {isa = PBXFileReference; lastKnownFileType = file.storyboard; name = Base; path = Base.lproj/LaunchScreen.storyboard; sourceTree = "<group>"; };
		6475664B1C9AF59700C81EA8 /* Info.plist */ = {isa = PBXFileReference; lastKnownFileType = text.plist.xml; path = Info.plist; sourceTree = "<group>"; };
/* End PBXFileReference section */

/* Begin PBXFrameworksBuildPhase section */
		647566391C9AF59700C81EA8 /* Frameworks */ = {
			isa = PBXFrameworksBuildPhase;
			buildActionMask = 2147483647;
			files = (
			);
			runOnlyForDeploymentPostprocessing = 0;
		};
/* End PBXFrameworksBuildPhase section */

/* Begin PBXGroup section */
		647566331C9AF59700C81EA8 = {
			isa = PBXGroup;
			children = (
				6475663E1C9AF59700C81EA8 /* FunnyMemeApp */,
				6475663D1C9AF59700C81EA8 /* Products */,
			);
			sourceTree = "<group>";
		};
		6475663D1C9AF59700C81EA8 /* Products */ = {
			isa = PBXGroup;
			children = (
				6475663C1C9AF59700C81EA8 /* FunnyMeme-Ap.app */,
			);
			name = Products;
			sourceTree = "<group>";
		};
		6475663E1C9AF59700C81EA8 /* FunnyMemeApp */ = {
			isa = PBXGroup;
			children = (
				647EA10E1C9DB29B00574B58 /* Controllers */,
				647EA10F1C9DB2B200574B58 /* Views */,
				647EA1101C9DB2BD00574B58 /* Model */,
				647EA1111C9DB2D100574B58 /* Support files */,
			);
			name = FunnyMemeApp;
			path = "Meme-App";
			sourceTree = "<group>";
		};
		647EA10E1C9DB29B00574B58 /* Controllers */ = {
			isa = PBXGroup;
			children = (
				647566411C9AF59700C81EA8 /* MemeEditorViewController.swift */,
				645FD2B11C9D44EE005B769D /* MemesTableViewController.swift */,
				6465C63C1C9C50CA007DDE51 /* DetailViewController.swift */,
				6465C6381C9C4BD9007DDE51 /* MemesCollectionViewController.swift */,
			);
			name = Controllers;
			sourceTree = "<group>";
		};
		647EA10F1C9DB2B200574B58 /* Views */ = {
			isa = PBXGroup;
			children = (
				645FD2B31C9D457A005B769D /* MemeTableViewCell.swift */,
				6465C63A1C9C4E54007DDE51 /* MemeCollectionViewCell.swift */,
			);
			name = Views;
			sourceTree = "<group>";
		};
		647EA1101C9DB2BD00574B58 /* Model */ = {
			isa = PBXGroup;
			children = (
				6465C6361C9BE656007DDE51 /* Meme.swift */,
			);
			name = Model;
			sourceTree = "<group>";
		};
		647EA1111C9DB2D100574B58 /* Support files */ = {
			isa = PBXGroup;
			children = (
				6475663F1C9AF59700C81EA8 /* AppDelegate.swift */,
				647566431C9AF59700C81EA8 /* Main.storyboard */,
				647566461C9AF59700C81EA8 /* Assets.xcassets */,
				647566481C9AF59700C81EA8 /* LaunchScreen.storyboard */,
				6475664B1C9AF59700C81EA8 /* Info.plist */,
			);
			name = "Support files";
			sourceTree = "<group>";
		};
/* End PBXGroup section */

/* Begin PBXNativeTarget section */
		6475663B1C9AF59700C81EA8 /* FunnyMeme-Ap */ = {
			isa = PBXNativeTarget;
			buildConfigurationList = 6475664E1C9AF59700C81EA8 /* Build configuration list for PBXNativeTarget "FunnyMeme-Ap" */;
			buildPhases = (
				647566381C9AF59700C81EA8 /* Sources */,
				647566391C9AF59700C81EA8 /* Frameworks */,
				6475663A1C9AF59700C81EA8 /* Resources */,
			);
			buildRules = (
			);
			dependencies = (
			);
			name = "FunnyMeme-Ap";
			productName = "Meme-App";
			productReference = 6475663C1C9AF59700C81EA8 /* FunnyMeme-Ap.app */;
			productType = "com.apple.product-type.application";
		};
/* End PBXNativeTarget section */

/* Begin PBXProject section */
		647566341C9AF59700C81EA8 /* Project object */ = {
			isa = PBXProject;
			attributes = {
				LastSwiftUpdateCheck = 0710;
				LastUpgradeCheck = 0710;
				ORGANIZATIONNAME = AuroraInterplay;
				TargetAttributes = {
					6475663B1C9AF59700C81EA8 = {
						CreatedOnToolsVersion = 7.1;
						LastSwiftMigration = 0820;
					};
				};
			};
			buildConfigurationList = 647566371C9AF59700C81EA8 /* Build configuration list for PBXProject "FunnyMeme-Ap" */;
			compatibilityVersion = "Xcode 3.2";
			developmentRegion = English;
			hasScannedForEncodings = 0;
			knownRegions = (
				en,
				Base,
			);
			mainGroup = 647566331C9AF59700C81EA8;
			productRefGroup = 6475663D1C9AF59700C81EA8 /* Products */;
			projectDirPath = "";
			projectRoot = "";
			targets = (
				6475663B1C9AF59700C81EA8 /* FunnyMeme-Ap */,
			);
		};
/* End PBXProject section */

/* Begin PBXResourcesBuildPhase section */
		6475663A1C9AF59700C81EA8 /* Resources */ = {
			isa = PBXResourcesBuildPhase;
			buildActionMask = 2147483647;
			files = (
				6475664A1C9AF59700C81EA8 /* LaunchScreen.storyboard in Resources */,
				647566471C9AF59700C81EA8 /* Assets.xcassets in Resources */,
				647566451C9AF59700C81EA8 /* Main.storyboard in Resources */,
			);
			runOnlyForDeploymentPostprocessing = 0;
		};
/* End PBXResourcesBuildPhase section */

/* Begin PBXSourcesBuildPhase section */
		647566381C9AF59700C81EA8 /* Sources */ = {
			isa = PBXSourcesBuildPhase;
			buildActionMask = 2147483647;
			files = (
				6465C63B1C9C4E54007DDE51 /* MemeCollectionViewCell.swift in Sources */,
				645FD2B41C9D457A005B769D /* MemeTableViewCell.swift in Sources */,
				6465C6391C9C4BD9007DDE51 /* MemesCollectionViewController.swift in Sources */,
				6465C6371C9BE656007DDE51 /* Meme.swift in Sources */,
				6465C63D1C9C50CA007DDE51 /* DetailViewController.swift in Sources */,
				645FD2B21C9D44EE005B769D /* MemesTableViewController.swift in Sources */,
				647566421C9AF59700C81EA8 /* MemeEditorViewController.swift in Sources */,
				647566401C9AF59700C81EA8 /* AppDelegate.swift in Sources */,
			);
			runOnlyForDeploymentPostprocessing = 0;
		};
/* End PBXSourcesBuildPhase section */

/* Begin PBXVariantGroup section */
		647566431C9AF59700C81EA8 /* Main.storyboard */ = {
			isa = PBXVariantGroup;
			children = (
				647566441C9AF59700C81EA8 /* Base */,
			);
			name = Main.storyboard;
			sourceTree = "<group>";
		};
		647566481C9AF59700C81EA8 /* LaunchScreen.storyboard */ = {
			isa = PBXVariantGroup;
			children = (
				647566491C9AF59700C81EA8 /* Base */,
			);
			name = LaunchScreen.storyboard;
			sourceTree = "<group>";
		};
/* End PBXVariantGroup section */

/* Begin XCBuildConfiguration section */
		6475664C1C9AF59700C81EA8 /* Debug */ = {
			isa = XCBuildConfiguration;
			buildSettings = {
				ALWAYS_SEARCH_USER_PATHS = NO;
				CLANG_CXX_LANGUAGE_STANDARD = "gnu++0x";
				CLANG_CXX_LIBRARY = "libc++";
				CLANG_ENABLE_MODULES = YES;
				CLANG_ENABLE_OBJC_ARC = YES;
				CLANG_WARN_BOOL_CONVERSION = YES;
				CLANG_WARN_CONSTANT_CONVERSION = YES;
				CLANG_WARN_DIRECT_OBJC_ISA_USAGE = YES_ERROR;
				CLANG_WARN_EMPTY_BODY = YES;
				CLANG_WARN_ENUM_CONVERSION = YES;
				CLANG_WARN_INT_CONVERSION = YES;
				CLANG_WARN_OBJC_ROOT_CLASS = YES_ERROR;
				CLANG_WARN_UNREACHABLE_CODE = YES;
				CLANG_WARN__DUPLICATE_METHOD_MATCH = YES;
				"CODE_SIGN_IDENTITY[sdk=iphoneos*]" = "iPhone Developer";
				COPY_PHASE_STRIP = NO;
				DEBUG_INFORMATION_FORMAT = dwarf;
				ENABLE_STRICT_OBJC_MSGSEND = YES;
				ENABLE_TESTABILITY = YES;
				GCC_C_LANGUAGE_STANDARD = gnu99;
				GCC_DYNAMIC_NO_PIC = NO;
				GCC_NO_COMMON_BLOCKS = YES;
				GCC_OPTIMIZATION_LEVEL = 0;
				GCC_PREPROCESSOR_DEFINITIONS = (
					"DEBUG=1",
					"$(inherited)",
				);
				GCC_WARN_64_TO_32_BIT_CONVERSION = YES;
				GCC_WARN_ABOUT_RETURN_TYPE = YES_ERROR;
				GCC_WARN_UNDECLARED_SELECTOR = YES;
				GCC_WARN_UNINITIALIZED_AUTOS = YES_AGGRESSIVE;
				GCC_WARN_UNUSED_FUNCTION = YES;
				GCC_WARN_UNUSED_VARIABLE = YES;
				IPHONEOS_DEPLOYMENT_TARGET = 9.1;
				MTL_ENABLE_DEBUG_INFO = YES;
				ONLY_ACTIVE_ARCH = YES;
				SDKROOT = iphoneos;
				SWIFT_OPTIMIZATION_LEVEL = "-Onone";
			};
			name = Debug;
		};
		6475664D1C9AF59700C81EA8 /* Release */ = {
			isa = XCBuildConfiguration;
			buildSettings = {
				ALWAYS_SEARCH_USER_PATHS = NO;
				CLANG_CXX_LANGUAGE_STANDARD = "gnu++0x";
				CLANG_CXX_LIBRARY = "libc++";
				CLANG_ENABLE_MODULES = YES;
				CLANG_ENABLE_OBJC_ARC = YES;
				CLANG_WARN_BOOL_CONVERSION = YES;
				CLANG_WARN_CONSTANT_CONVERSION = YES;
				CLANG_WARN_DIRECT_OBJC_ISA_USAGE = YES_ERROR;
				CLANG_WARN_EMPTY_BODY = YES;
				CLANG_WARN_ENUM_CONVERSION = YES;
				CLANG_WARN_INT_CONVERSION = YES;
				CLANG_WARN_OBJC_ROOT_CLASS = YES_ERROR;
				CLANG_WARN_UNREACHABLE_CODE = YES;
				CLANG_WARN__DUPLICATE_METHOD_MATCH = YES;
				"CODE_SIGN_IDENTITY[sdk=iphoneos*]" = "iPhone Developer";
				COPY_PHASE_STRIP = NO;
				DEBUG_INFORMATION_FORMAT = "dwarf-with-dsym";
				ENABLE_NS_ASSERTIONS = NO;
				ENABLE_STRICT_OBJC_MSGSEND = YES;
				GCC_C_LANGUAGE_STANDARD = gnu99;
				GCC_NO_COMMON_BLOCKS = YES;
				GCC_WARN_64_TO_32_BIT_CONVERSION = YES;
				GCC_WARN_ABOUT_RETURN_TYPE = YES_ERROR;
				GCC_WARN_UNDECLARED_SELECTOR = YES;
				GCC_WARN_UNINITIALIZED_AUTOS = YES_AGGRESSIVE;
				GCC_WARN_UNUSED_FUNCTION = YES;
				GCC_WARN_UNUSED_VARIABLE = YES;
				IPHONEOS_DEPLOYMENT_TARGET = 9.1;
				MTL_ENABLE_DEBUG_INFO = NO;
				SDKROOT = iphoneos;
				VALIDATE_PRODUCT = YES;
			};
			name = Release;
		};
		6475664F1C9AF59700C81EA8 /* Debug */ = {
			isa = XCBuildConfiguration;
			buildSettings = {
				ASSETCATALOG_COMPILER_APPICON_NAME = AppIcon;
				INFOPLIST_FILE = "Meme-App/Info.plist";
				LD_RUNPATH_SEARCH_PATHS = "$(inherited) @executable_path/Frameworks";
				PRODUCT_BUNDLE_IDENTIFIER = "FunnyMeme-App";
				PRODUCT_NAME = "FunnyMeme-Ap";
				SWIFT_VERSION = 3.0;
			};
			name = Debug;
		};
		647566501C9AF59700C81EA8 /* Release */ = {
			isa = XCBuildConfiguration;
			buildSettings = {
				ASSETCATALOG_COMPILER_APPICON_NAME = AppIcon;
				INFOPLIST_FILE = "Meme-App/Info.plist";
				LD_RUNPATH_SEARCH_PATHS = "$(inherited) @executable_path/Frameworks";
				PRODUCT_BUNDLE_IDENTIFIER = "FunnyMeme-App";
				PRODUCT_NAME = "FunnyMeme-Ap";
				SWIFT_VERSION = 3.0;
			};
			name = Release;
		};
/* End XCBuildConfiguration section */

/* Begin XCConfigurationList section */
		647566371C9AF59700C81EA8 /* Build configuration list for PBXProject "FunnyMeme-Ap" */ = {
			isa = XCConfigurationList;
			buildConfigurations = (
				6475664C1C9AF59700C81EA8 /* Debug */,
				6475664D1C9AF59700C81EA8 /* Release */,
			);
			defaultConfigurationIsVisible = 0;
			defaultConfigurationName = Release;
		};
		6475664E1C9AF59700C81EA8 /* Build configuration list for PBXNativeTarget "FunnyMeme-Ap" */ = {
			isa = XCConfigurationList;
			buildConfigurations = (
				6475664F1C9AF59700C81EA8 /* Debug */,
				647566501C9AF59700C81EA8 /* Release */,
			);
			defaultConfigurationIsVisible = 0;
			defaultConfigurationName = Release;
		};
/* End XCConfigurationList section */
	};
	rootObject = 647566341C9AF59700C81EA8 /* Project object */;
}
